
Microsoft Visual Studio Solution File, Format Version 12.00
# Visual Studio Version 17
VisualStudioVersion = 17.8.34330.188
MinimumVisualStudioVersion = 10.0.40219.1
Project("{FAE04EC0-301F-11D3-BF4B-00C04F79EFBC}") = "BigONotation", "BigONotation\BigONotation.csproj", "{04D2CAE2-E3DD-4F38-B7E8-22F3E3BE4DF6}"
EndProject
Project("{FAE04EC0-301F-11D3-BF4B-00C04F79EFBC}") = "MoreArrays", "MoreArrays\MoreArrays.csproj", "{8EC3E274-262C-4904-8E44-3F912FB56EA5}"
EndProject
Global
	GlobalSection(SolutionConfigurationPlatforms) = preSolution
		Debug|Any CPU = Debug|Any CPU
		Release|Any CPU = Release|Any CPU
	EndGlobalSection
	GlobalSection(ProjectConfigurationPlatforms) = postSolution
		{04D2CAE2-E3DD-4F38-B7E8-22F3E3BE4DF6}.Debug|Any CPU.ActiveCfg = Debug|Any CPU
		{04D2CAE2-E3DD-4F38-B7E8-22F3E3BE4DF6}.Debug|Any CPU.Build.0 = Debug|Any CPU
		{04D2CAE2-E3DD-4F38-B7E8-22F3E3BE4DF6}.Release|Any CPU.ActiveCfg = Release|Any CPU
		{04D2CAE2-E3DD-4F38-B7E8-22F3E3BE4DF6}.Release|Any CPU.Build.0 = Release|Any CPU
		{8EC3E274-262C-4904-8E44-3F912FB56EA5}.Debug|Any CPU.ActiveCfg = Debug|Any CPU
		{8EC3E274-262C-4904-8E44-3F912FB56EA5}.Debug|Any CPU.Build.0 = Debug|Any CPU
		{8EC3E274-262C-4904-8E44-3F912FB56EA5}.Release|Any CPU.ActiveCfg = Release|Any CPU
		{8EC3E274-262C-4904-8E44-3F912FB56EA5}.Release|Any CPU.Build.0 = Release|Any CPU
	EndGlobalSection
	GlobalSection(SolutionProperties) = preSolution
		HideSolutionNode = FALSE
	EndGlobalSection
	GlobalSection(ExtensibilityGlobals) = postSolution
		SolutionGuid = {A23C2EB6-0C99-41A8-902C-CF5AAB22CFE4}
	EndGlobalSection
EndGlobal
